
Microsoft Visual Studio Solution File, Format Version 12.00
# Visual Studio Version 17
VisualStudioVersion = 17.5.33424.131
MinimumVisualStudioVersion = 10.0.40219.1
Project("{FAE04EC0-301F-11D3-BF4B-00C04F79EFBC}") = "SMS_Service", "SMS_Service.csproj", "{9479C770-79E2-444F-A0AC-BBD39C410B99}"
EndProject
Global
	GlobalSection(SolutionConfigurationPlatforms) = preSolution
		Debug|Any CPU = Debug|Any CPU
		Release|Any CPU = Release|Any CPU
	EndGlobalSection
	GlobalSection(ProjectConfigurationPlatforms) = postSolution
		{9479C770-79E2-444F-A0AC-BBD39C410B99}.Debug|Any CPU.ActiveCfg = Debug|Any CPU
		{9479C770-79E2-444F-A0AC-BBD39C410B99}.Debug|Any CPU.Build.0 = Debug|Any CPU
		{9479C770-79E2-444F-A0AC-BBD39C410B99}.Release|Any CPU.ActiveCfg = Release|Any CPU
		{9479C770-79E2-444F-A0AC-BBD39C410B99}.Release|Any CPU.Build.0 = Release|Any CPU
	EndGlobalSection
	GlobalSection(SolutionProperties) = preSolution
		HideSolutionNode = FALSE
	EndGlobalSection
	GlobalSection(ExtensibilityGlobals) = postSolution
		SolutionGuid = {2F1F2175-79FC-44F6-8BB6-CD428D73CB26}
	EndGlobalSection
EndGlobal
